
Microsoft Visual Studio Solution File, Format Version 12.00
Project("{FAE04EC0-301F-11D3-BF4B-00C04F79EFBC}") = "ConsoleAppSQLite", "ConsoleAppSQLite\ConsoleAppSQLite.csproj", "{2B710712-1ACE-4608-A80A-D747A55C62A1}"
EndProject
Project("{FAE04EC0-301F-11D3-BF4B-00C04F79EFBC}") = "ConsoleApp1", "ConsoleApp1\ConsoleApp1.csproj", "{A1D98938-0DE4-4CCC-B7A4-A9516C2937DA}"
EndProject
Project("{FAE04EC0-301F-11D3-BF4B-00C04F79EFBC}") = "ConsoleApp2", "ConsoleApp2\ConsoleApp2.csproj", "{EEB88F6D-D177-4874-9D43-3C2C8A02C729}"
EndProject
Project("{FAE04EC0-301F-11D3-BF4B-00C04F79EFBC}") = "ConsoleApp3", "ConsoleApp3\ConsoleApp3.csproj", "{A2664E21-16C3-4488-8B1E-1933BDBD1CE8}"
EndProject
Project("{FAE04EC0-301F-11D3-BF4B-00C04F79EFBC}") = "ConsoleApp4", "ConsoleApp4\ConsoleApp4.csproj", "{C1003A19-12D4-4BE0-B05C-C03CE811E520}"
EndProject
Global
	GlobalSection(SolutionConfigurationPlatforms) = preSolution
		Debug|Any CPU = Debug|Any CPU
		Release|Any CPU = Release|Any CPU
	EndGlobalSection
	GlobalSection(ProjectConfigurationPlatforms) = postSolution
		{2B710712-1ACE-4608-A80A-D747A55C62A1}.Debug|Any CPU.ActiveCfg = Debug|Any CPU
		{2B710712-1ACE-4608-A80A-D747A55C62A1}.Debug|Any CPU.Build.0 = Debug|Any CPU
		{2B710712-1ACE-4608-A80A-D747A55C62A1}.Release|Any CPU.ActiveCfg = Release|Any CPU
		{2B710712-1ACE-4608-A80A-D747A55C62A1}.Release|Any CPU.Build.0 = Release|Any CPU
		{A1D98938-0DE4-4CCC-B7A4-A9516C2937DA}.Debug|Any CPU.ActiveCfg = Debug|Any CPU
		{A1D98938-0DE4-4CCC-B7A4-A9516C2937DA}.Debug|Any CPU.Build.0 = Debug|Any CPU
		{A1D98938-0DE4-4CCC-B7A4-A9516C2937DA}.Release|Any CPU.ActiveCfg = Release|Any CPU
		{A1D98938-0DE4-4CCC-B7A4-A9516C2937DA}.Release|Any CPU.Build.0 = Release|Any CPU
		{EEB88F6D-D177-4874-9D43-3C2C8A02C729}.Debug|Any CPU.ActiveCfg = Debug|Any CPU
		{EEB88F6D-D177-4874-9D43-3C2C8A02C729}.Debug|Any CPU.Build.0 = Debug|Any CPU
		{EEB88F6D-D177-4874-9D43-3C2C8A02C729}.Release|Any CPU.ActiveCfg = Release|Any CPU
		{EEB88F6D-D177-4874-9D43-3C2C8A02C729}.Release|Any CPU.Build.0 = Release|Any CPU
		{A2664E21-16C3-4488-8B1E-1933BDBD1CE8}.Debug|Any CPU.ActiveCfg = Debug|Any CPU
		{A2664E21-16C3-4488-8B1E-1933BDBD1CE8}.Debug|Any CPU.Build.0 = Debug|Any CPU
		{A2664E21-16C3-4488-8B1E-1933BDBD1CE8}.Release|Any CPU.ActiveCfg = Release|Any CPU
		{A2664E21-16C3-4488-8B1E-1933BDBD1CE8}.Release|Any CPU.Build.0 = Release|Any CPU
		{C1003A19-12D4-4BE0-B05C-C03CE811E520}.Debug|Any CPU.ActiveCfg = Debug|Any CPU
		{C1003A19-12D4-4BE0-B05C-C03CE811E520}.Debug|Any CPU.Build.0 = Debug|Any CPU
		{C1003A19-12D4-4BE0-B05C-C03CE811E520}.Release|Any CPU.ActiveCfg = Release|Any CPU
		{C1003A19-12D4-4BE0-B05C-C03CE811E520}.Release|Any CPU.Build.0 = Release|Any CPU
	EndGlobalSection
EndGlobal
